// !$*UTF8*$!
{
	archiveVersion = 1;
	classes = {
	};
	objectVersion = 56;
	objects = {

/* Begin PBXBuildFile section */
		2E533A00168F4C8219A9CA1E /* Pods_Tabling.framework in Frameworks */ = {isa = PBXBuildFile; fileRef = 5D0403D2BADA66A98033467E /* Pods_Tabling.framework */; };
		736360B12963D7CA00EBCC18 /* AppDelegate.swift in Sources */ = {isa = PBXBuildFile; fileRef = 736360B02963D7CA00EBCC18 /* AppDelegate.swift */; };
		736360B32963D7CA00EBCC18 /* SceneDelegate.swift in Sources */ = {isa = PBXBuildFile; fileRef = 736360B22963D7CA00EBCC18 /* SceneDelegate.swift */; };
		736360B52963D7CA00EBCC18 /* SaveViewController.swift in Sources */ = {isa = PBXBuildFile; fileRef = 736360B42963D7CA00EBCC18 /* SaveViewController.swift */; };
		736360BA2963D7CC00EBCC18 /* Assets.xcassets in Resources */ = {isa = PBXBuildFile; fileRef = 736360B92963D7CC00EBCC18 /* Assets.xcassets */; };
		736360BD2963D7CC00EBCC18 /* LaunchScreen.storyboard in Resources */ = {isa = PBXBuildFile; fileRef = 736360BB2963D7CC00EBCC18 /* LaunchScreen.storyboard */; };
		736360CB2963DFFF00EBCC18 /* NotoSansKR-Regular.otf in Resources */ = {isa = PBXBuildFile; fileRef = 736360C82963DFFF00EBCC18 /* NotoSansKR-Regular.otf */; };
		736360CC2963DFFF00EBCC18 /* NotoSansKR-Bold.otf in Resources */ = {isa = PBXBuildFile; fileRef = 736360C92963DFFF00EBCC18 /* NotoSansKR-Bold.otf */; };
		736360CD2963DFFF00EBCC18 /* NotoSansKR-Medium.otf in Resources */ = {isa = PBXBuildFile; fileRef = 736360CA2963DFFF00EBCC18 /* NotoSansKR-Medium.otf */; };
		736360D22963E02B00EBCC18 /* Roboto-Bold.ttf in Resources */ = {isa = PBXBuildFile; fileRef = 736360CF2963E02B00EBCC18 /* Roboto-Bold.ttf */; };
		736360D32963E02B00EBCC18 /* Roboto-Medium.ttf in Resources */ = {isa = PBXBuildFile; fileRef = 736360D02963E02B00EBCC18 /* Roboto-Medium.ttf */; };
		736360D42963E02B00EBCC18 /* Roboto-Regular.ttf in Resources */ = {isa = PBXBuildFile; fileRef = 736360D12963E02B00EBCC18 /* Roboto-Regular.ttf */; };
		736360D62963E0BD00EBCC18 /* Font.swift in Sources */ = {isa = PBXBuildFile; fileRef = 736360D52963E0BD00EBCC18 /* Font.swift */; };
		736360DA2963E69B00EBCC18 /* .swiftlint.yml in Resources */ = {isa = PBXBuildFile; fileRef = 736360D92963E69B00EBCC18 /* .swiftlint.yml */; };
		736360DE29641DCF00EBCC18 /* TabCollectionViewCell.swift in Sources */ = {isa = PBXBuildFile; fileRef = 736360DC29641DCF00EBCC18 /* TabCollectionViewCell.swift */; };
		736360DF29641DCF00EBCC18 /* TabCollectionViewCell.xib in Resources */ = {isa = PBXBuildFile; fileRef = 736360DD29641DCF00EBCC18 /* TabCollectionViewCell.xib */; };
		736360E129641F1F00EBCC18 /* SaveView.storyboard in Resources */ = {isa = PBXBuildFile; fileRef = 736360E029641F1F00EBCC18 /* SaveView.storyboard */; };
		736360E3296451CC00EBCC18 /* TabType.swift in Sources */ = {isa = PBXBuildFile; fileRef = 736360E2296451CC00EBCC18 /* TabType.swift */; };
		736360ED296458BB00EBCC18 /* SaveCollectionViewCell.swift in Sources */ = {isa = PBXBuildFile; fileRef = 736360EB296458BB00EBCC18 /* SaveCollectionViewCell.swift */; };
		736360EE296458BB00EBCC18 /* SaveCollectionViewCell.xib in Resources */ = {isa = PBXBuildFile; fileRef = 736360EC296458BB00EBCC18 /* SaveCollectionViewCell.xib */; };
		736360F029645B2C00EBCC18 /* TabCollectionViewDataSource.swift in Sources */ = {isa = PBXBuildFile; fileRef = 736360EF29645B2C00EBCC18 /* TabCollectionViewDataSource.swift */; };
		736360F229645C6F00EBCC18 /* ContentsCollectionViewDataSource.swift in Sources */ = {isa = PBXBuildFile; fileRef = 736360F129645C6F00EBCC18 /* ContentsCollectionViewDataSource.swift */; };
		738C73222966E55000F6E4ED /* Requestable.swift in Sources */ = {isa = PBXBuildFile; fileRef = 738C73202966E55000F6E4ED /* Requestable.swift */; };
		738C73232966E55000F6E4ED /* EndPoint.swift in Sources */ = {isa = PBXBuildFile; fileRef = 738C73212966E55000F6E4ED /* EndPoint.swift */; };
		738C732A2966FB1200F6E4ED /* Observable.swift in Sources */ = {isa = PBXBuildFile; fileRef = 738C73292966FB1200F6E4ED /* Observable.swift */; };
		738C732E2967C88500F6E4ED /* PaddingLabel.swift in Sources */ = {isa = PBXBuildFile; fileRef = 738C732D2967C88500F6E4ED /* PaddingLabel.swift */; };
		738C73312967D8D900F6E4ED /* UIColor+Extension.swift in Sources */ = {isa = PBXBuildFile; fileRef = 738C73302967D8D900F6E4ED /* UIColor+Extension.swift */; };
		738C7333296802CB00F6E4ED /* BadgeType.swift in Sources */ = {isa = PBXBuildFile; fileRef = 738C7332296802CB00F6E4ED /* BadgeType.swift */; };
		738C73392968054100F6E4ED /* DIContainer.swift in Sources */ = {isa = PBXBuildFile; fileRef = 738C73382968054100F6E4ED /* DIContainer.swift */; };
		738C733B296A7A5E00F6E4ED /* ListItemViewModel.swift in Sources */ = {isa = PBXBuildFile; fileRef = 738C733A296A7A5E00F6E4ED /* ListItemViewModel.swift */; };
		73D04CA12965A830009184D4 /* List.swift in Sources */ = {isa = PBXBuildFile; fileRef = 73D04CA02965A830009184D4 /* List.swift */; };
		73D04CA92965B1F1009184D4 /* NetworkError.swift in Sources */ = {isa = PBXBuildFile; fileRef = 73D04CA82965B1F1009184D4 /* NetworkError.swift */; };
		73D04CAB2965B308009184D4 /* URLSessionProtocol.swift in Sources */ = {isa = PBXBuildFile; fileRef = 73D04CAA2965B308009184D4 /* URLSessionProtocol.swift */; };
		73D04CAE2965B3F8009184D4 /* NetworkService.swift in Sources */ = {isa = PBXBuildFile; fileRef = 73D04CAD2965B3F8009184D4 /* NetworkService.swift */; };
		73D04CB329666B03009184D4 /* ListRepositoryImpl.swift in Sources */ = {isa = PBXBuildFile; fileRef = 73D04CB229666B03009184D4 /* ListRepositoryImpl.swift */; };
		73D04CB5296697FD009184D4 /* ListRepository.swift in Sources */ = {isa = PBXBuildFile; fileRef = 73D04CB4296697FD009184D4 /* ListRepository.swift */; };
		73D04CB829669F85009184D4 /* ImageCacheStorage.swift in Sources */ = {isa = PBXBuildFile; fileRef = 73D04CB729669F85009184D4 /* ImageCacheStorage.swift */; };
		73D04CBA2966C854009184D4 /* FetchImageUseCase.swift in Sources */ = {isa = PBXBuildFile; fileRef = 73D04CB92966C854009184D4 /* FetchImageUseCase.swift */; };
		73D04CBC2966CBC0009184D4 /* FetchListUseCase.swift in Sources */ = {isa = PBXBuildFile; fileRef = 73D04CBB2966CBC0009184D4 /* FetchListUseCase.swift */; };
		73D04CBE2966CC79009184D4 /* ImageRepository.swift in Sources */ = {isa = PBXBuildFile; fileRef = 73D04CBD2966CC79009184D4 /* ImageRepository.swift */; };
		73D04CC02966CCB1009184D4 /* ImageRepositoryImpl.swift in Sources */ = {isa = PBXBuildFile; fileRef = 73D04CBF2966CCB1009184D4 /* ImageRepositoryImpl.swift */; };
		73D04CC22966D048009184D4 /* ListViewModel.swift in Sources */ = {isa = PBXBuildFile; fileRef = 73D04CC12966D048009184D4 /* ListViewModel.swift */; };
/* End PBXBuildFile section */

/* Begin PBXFileReference section */
		5D0403D2BADA66A98033467E /* Pods_Tabling.framework */ = {isa = PBXFileReference; explicitFileType = wrapper.framework; includeInIndex = 0; path = Pods_Tabling.framework; sourceTree = BUILT_PRODUCTS_DIR; };
		62CD8E8EDAA8C84085C636DE /* Pods-Tabling.release.xcconfig */ = {isa = PBXFileReference; includeInIndex = 1; lastKnownFileType = text.xcconfig; name = "Pods-Tabling.release.xcconfig"; path = "Target Support Files/Pods-Tabling/Pods-Tabling.release.xcconfig"; sourceTree = "<group>"; };
		736360AD2963D7CA00EBCC18 /* Tabling.app */ = {isa = PBXFileReference; explicitFileType = wrapper.application; includeInIndex = 0; path = Tabling.app; sourceTree = BUILT_PRODUCTS_DIR; };
		736360B02963D7CA00EBCC18 /* AppDelegate.swift */ = {isa = PBXFileReference; lastKnownFileType = sourcecode.swift; path = AppDelegate.swift; sourceTree = "<group>"; };
		736360B22963D7CA00EBCC18 /* SceneDelegate.swift */ = {isa = PBXFileReference; lastKnownFileType = sourcecode.swift; path = SceneDelegate.swift; sourceTree = "<group>"; };
		736360B42963D7CA00EBCC18 /* SaveViewController.swift */ = {isa = PBXFileReference; lastKnownFileType = sourcecode.swift; path = SaveViewController.swift; sourceTree = "<group>"; };
		736360B92963D7CC00EBCC18 /* Assets.xcassets */ = {isa = PBXFileReference; lastKnownFileType = folder.assetcatalog; path = Assets.xcassets; sourceTree = "<group>"; };
		736360BC2963D7CC00EBCC18 /* Base */ = {isa = PBXFileReference; lastKnownFileType = file.storyboard; name = Base; path = Base.lproj/LaunchScreen.storyboard; sourceTree = "<group>"; };
		736360BE2963D7CC00EBCC18 /* Info.plist */ = {isa = PBXFileReference; lastKnownFileType = text.plist.xml; path = Info.plist; sourceTree = "<group>"; };
		736360C82963DFFF00EBCC18 /* NotoSansKR-Regular.otf */ = {isa = PBXFileReference; lastKnownFileType = file; path = "NotoSansKR-Regular.otf"; sourceTree = "<group>"; };
		736360C92963DFFF00EBCC18 /* NotoSansKR-Bold.otf */ = {isa = PBXFileReference; lastKnownFileType = file; path = "NotoSansKR-Bold.otf"; sourceTree = "<group>"; };
		736360CA2963DFFF00EBCC18 /* NotoSansKR-Medium.otf */ = {isa = PBXFileReference; lastKnownFileType = file; path = "NotoSansKR-Medium.otf"; sourceTree = "<group>"; };
		736360CF2963E02B00EBCC18 /* Roboto-Bold.ttf */ = {isa = PBXFileReference; lastKnownFileType = file; path = "Roboto-Bold.ttf"; sourceTree = "<group>"; };
		736360D02963E02B00EBCC18 /* Roboto-Medium.ttf */ = {isa = PBXFileReference; lastKnownFileType = file; path = "Roboto-Medium.ttf"; sourceTree = "<group>"; };
		736360D12963E02B00EBCC18 /* Roboto-Regular.ttf */ = {isa = PBXFileReference; lastKnownFileType = file; path = "Roboto-Regular.ttf"; sourceTree = "<group>"; };
		736360D52963E0BD00EBCC18 /* Font.swift */ = {isa = PBXFileReference; lastKnownFileType = sourcecode.swift; path = Font.swift; sourceTree = "<group>"; };
		736360D92963E69B00EBCC18 /* .swiftlint.yml */ = {isa = PBXFileReference; lastKnownFileType = text.yaml; path = .swiftlint.yml; sourceTree = "<group>"; };
		736360DC29641DCF00EBCC18 /* TabCollectionViewCell.swift */ = {isa = PBXFileReference; lastKnownFileType = sourcecode.swift; path = TabCollectionViewCell.swift; sourceTree = "<group>"; };
		736360DD29641DCF00EBCC18 /* TabCollectionViewCell.xib */ = {isa = PBXFileReference; lastKnownFileType = file.xib; path = TabCollectionViewCell.xib; sourceTree = "<group>"; };
		736360E029641F1F00EBCC18 /* SaveView.storyboard */ = {isa = PBXFileReference; lastKnownFileType = file.storyboard; path = SaveView.storyboard; sourceTree = "<group>"; };
		736360E2296451CC00EBCC18 /* TabType.swift */ = {isa = PBXFileReference; lastKnownFileType = sourcecode.swift; path = TabType.swift; sourceTree = "<group>"; };
		736360EB296458BB00EBCC18 /* SaveCollectionViewCell.swift */ = {isa = PBXFileReference; lastKnownFileType = sourcecode.swift; path = SaveCollectionViewCell.swift; sourceTree = "<group>"; };
		736360EC296458BB00EBCC18 /* SaveCollectionViewCell.xib */ = {isa = PBXFileReference; lastKnownFileType = file.xib; path = SaveCollectionViewCell.xib; sourceTree = "<group>"; };
		736360EF29645B2C00EBCC18 /* TabCollectionViewDataSource.swift */ = {isa = PBXFileReference; lastKnownFileType = sourcecode.swift; path = TabCollectionViewDataSource.swift; sourceTree = "<group>"; };
		736360F129645C6F00EBCC18 /* ContentsCollectionViewDataSource.swift */ = {isa = PBXFileReference; lastKnownFileType = sourcecode.swift; path = ContentsCollectionViewDataSource.swift; sourceTree = "<group>"; };
		738C73202966E55000F6E4ED /* Requestable.swift */ = {isa = PBXFileReference; fileEncoding = 4; lastKnownFileType = sourcecode.swift; path = Requestable.swift; sourceTree = "<group>"; };
		738C73212966E55000F6E4ED /* EndPoint.swift */ = {isa = PBXFileReference; fileEncoding = 4; lastKnownFileType = sourcecode.swift; path = EndPoint.swift; sourceTree = "<group>"; };
		738C73292966FB1200F6E4ED /* Observable.swift */ = {isa = PBXFileReference; lastKnownFileType = sourcecode.swift; path = Observable.swift; sourceTree = "<group>"; };
		738C732D2967C88500F6E4ED /* PaddingLabel.swift */ = {isa = PBXFileReference; lastKnownFileType = sourcecode.swift; path = PaddingLabel.swift; sourceTree = "<group>"; };
		738C73302967D8D900F6E4ED /* UIColor+Extension.swift */ = {isa = PBXFileReference; lastKnownFileType = sourcecode.swift; path = "UIColor+Extension.swift"; sourceTree = "<group>"; };
		738C7332296802CB00F6E4ED /* BadgeType.swift */ = {isa = PBXFileReference; lastKnownFileType = sourcecode.swift; path = BadgeType.swift; sourceTree = "<group>"; };
		738C73382968054100F6E4ED /* DIContainer.swift */ = {isa = PBXFileReference; lastKnownFileType = sourcecode.swift; path = DIContainer.swift; sourceTree = "<group>"; };
		738C733A296A7A5E00F6E4ED /* ListItemViewModel.swift */ = {isa = PBXFileReference; lastKnownFileType = sourcecode.swift; path = ListItemViewModel.swift; sourceTree = "<group>"; };
		73D04CA02965A830009184D4 /* List.swift */ = {isa = PBXFileReference; lastKnownFileType = sourcecode.swift; path = List.swift; sourceTree = "<group>"; };
		73D04CA82965B1F1009184D4 /* NetworkError.swift */ = {isa = PBXFileReference; lastKnownFileType = sourcecode.swift; path = NetworkError.swift; sourceTree = "<group>"; };
		73D04CAA2965B308009184D4 /* URLSessionProtocol.swift */ = {isa = PBXFileReference; lastKnownFileType = sourcecode.swift; path = URLSessionProtocol.swift; sourceTree = "<group>"; };
		73D04CAD2965B3F8009184D4 /* NetworkService.swift */ = {isa = PBXFileReference; lastKnownFileType = sourcecode.swift; path = NetworkService.swift; sourceTree = "<group>"; };
		73D04CB229666B03009184D4 /* ListRepositoryImpl.swift */ = {isa = PBXFileReference; lastKnownFileType = sourcecode.swift; path = ListRepositoryImpl.swift; sourceTree = "<group>"; };
		73D04CB4296697FD009184D4 /* ListRepository.swift */ = {isa = PBXFileReference; lastKnownFileType = sourcecode.swift; path = ListRepository.swift; sourceTree = "<group>"; };
		73D04CB729669F85009184D4 /* ImageCacheStorage.swift */ = {isa = PBXFileReference; lastKnownFileType = sourcecode.swift; path = ImageCacheStorage.swift; sourceTree = "<group>"; };
		73D04CB92966C854009184D4 /* FetchImageUseCase.swift */ = {isa = PBXFileReference; lastKnownFileType = sourcecode.swift; path = FetchImageUseCase.swift; sourceTree = "<group>"; };
		73D04CBB2966CBC0009184D4 /* FetchListUseCase.swift */ = {isa = PBXFileReference; lastKnownFileType = sourcecode.swift; path = FetchListUseCase.swift; sourceTree = "<group>"; };
		73D04CBD2966CC79009184D4 /* ImageRepository.swift */ = {isa = PBXFileReference; lastKnownFileType = sourcecode.swift; path = ImageRepository.swift; sourceTree = "<group>"; };
		73D04CBF2966CCB1009184D4 /* ImageRepositoryImpl.swift */ = {isa = PBXFileReference; lastKnownFileType = sourcecode.swift; path = ImageRepositoryImpl.swift; sourceTree = "<group>"; };
		73D04CC12966D048009184D4 /* ListViewModel.swift */ = {isa = PBXFileReference; lastKnownFileType = sourcecode.swift; path = ListViewModel.swift; sourceTree = "<group>"; };
		EB3BEE8210AD74232CC8B655 /* Pods-Tabling.debug.xcconfig */ = {isa = PBXFileReference; includeInIndex = 1; lastKnownFileType = text.xcconfig; name = "Pods-Tabling.debug.xcconfig"; path = "Target Support Files/Pods-Tabling/Pods-Tabling.debug.xcconfig"; sourceTree = "<group>"; };
/* End PBXFileReference section */

/* Begin PBXFrameworksBuildPhase section */
		736360AA2963D7CA00EBCC18 /* Frameworks */ = {
			isa = PBXFrameworksBuildPhase;
			buildActionMask = 2147483647;
			files = (
				2E533A00168F4C8219A9CA1E /* Pods_Tabling.framework in Frameworks */,
			);
			runOnlyForDeploymentPostprocessing = 0;
		};
/* End PBXFrameworksBuildPhase section */

/* Begin PBXGroup section */
		736360A42963D7CA00EBCC18 = {
			isa = PBXGroup;
			children = (
				736360D92963E69B00EBCC18 /* .swiftlint.yml */,
				736360AF2963D7CA00EBCC18 /* Tabling */,
				736360AE2963D7CA00EBCC18 /* Products */,
				C54F809FB6DCF3BB17D77253 /* Pods */,
				AA92AB6D7447E532F591F29A /* Frameworks */,
			);
			sourceTree = "<group>";
		};
		736360AE2963D7CA00EBCC18 /* Products */ = {
			isa = PBXGroup;
			children = (
				736360AD2963D7CA00EBCC18 /* Tabling.app */,
			);
			name = Products;
			sourceTree = "<group>";
		};
		736360AF2963D7CA00EBCC18 /* Tabling */ = {
			isa = PBXGroup;
			children = (
				736360C42963DCC800EBCC18 /* Application */,
				73D04CA22965A9B4009184D4 /* Data */,
				73D04C9E2965A7E4009184D4 /* Domain */,
				736360C52963DD8C00EBCC18 /* Presentation */,
				736360C62963DDA300EBCC18 /* Resources */,
			);
			path = Tabling;
			sourceTree = "<group>";
		};
		736360C42963DCC800EBCC18 /* Application */ = {
			isa = PBXGroup;
			children = (
				736360B02963D7CA00EBCC18 /* AppDelegate.swift */,
				736360B22963D7CA00EBCC18 /* SceneDelegate.swift */,
				738C73382968054100F6E4ED /* DIContainer.swift */,
			);
			path = Application;
			sourceTree = "<group>";
		};
		736360C52963DD8C00EBCC18 /* Presentation */ = {
			isa = PBXGroup;
			children = (
				738C732F2967D89200F6E4ED /* Extension */,
				738C73282966FAF800F6E4ED /* Util */,
				736360C72963DF7000EBCC18 /* Common */,
				736360E52964520800EBCC18 /* Recent */,
				736360E42964520100EBCC18 /* Save */,
			);
			path = Presentation;
			sourceTree = "<group>";
		};
		736360C62963DDA300EBCC18 /* Resources */ = {
			isa = PBXGroup;
			children = (
				736360CE2963E00400EBCC18 /* Font */,
				736360B92963D7CC00EBCC18 /* Assets.xcassets */,
				736360BB2963D7CC00EBCC18 /* LaunchScreen.storyboard */,
				736360BE2963D7CC00EBCC18 /* Info.plist */,
			);
			path = Resources;
			sourceTree = "<group>";
		};
		736360C72963DF7000EBCC18 /* Common */ = {
			isa = PBXGroup;
			children = (
				736360D52963E0BD00EBCC18 /* Font.swift */,
				738C732D2967C88500F6E4ED /* PaddingLabel.swift */,
			);
			path = Common;
			sourceTree = "<group>";
		};
		736360CE2963E00400EBCC18 /* Font */ = {
			isa = PBXGroup;
			children = (
				736360CF2963E02B00EBCC18 /* Roboto-Bold.ttf */,
				736360D02963E02B00EBCC18 /* Roboto-Medium.ttf */,
				736360D12963E02B00EBCC18 /* Roboto-Regular.ttf */,
				736360C92963DFFF00EBCC18 /* NotoSansKR-Bold.otf */,
				736360CA2963DFFF00EBCC18 /* NotoSansKR-Medium.otf */,
				736360C82963DFFF00EBCC18 /* NotoSansKR-Regular.otf */,
			);
			path = Font;
			sourceTree = "<group>";
		};
		736360E42964520100EBCC18 /* Save */ = {
			isa = PBXGroup;
			children = (
				736360EF29645B2C00EBCC18 /* TabCollectionViewDataSource.swift */,
				736360F129645C6F00EBCC18 /* ContentsCollectionViewDataSource.swift */,
				738C73252966F90A00F6E4ED /* ViewModel */,
				736360E62964523500EBCC18 /* View */,
			);
			path = Save;
			sourceTree = "<group>";
		};
		736360E52964520800EBCC18 /* Recent */ = {
			isa = PBXGroup;
			children = (
			);
			path = Recent;
			sourceTree = "<group>";
		};
		736360E62964523500EBCC18 /* View */ = {
			isa = PBXGroup;
			children = (
				736360E029641F1F00EBCC18 /* SaveView.storyboard */,
				736360B42963D7CA00EBCC18 /* SaveViewController.swift */,
				736360DD29641DCF00EBCC18 /* TabCollectionViewCell.xib */,
				736360DC29641DCF00EBCC18 /* TabCollectionViewCell.swift */,
				736360EC296458BB00EBCC18 /* SaveCollectionViewCell.xib */,
				736360EB296458BB00EBCC18 /* SaveCollectionViewCell.swift */,
			);
			path = View;
			sourceTree = "<group>";
		};
		738C731F2966E55000F6E4ED /* API */ = {
			isa = PBXGroup;
			children = (
				738C73202966E55000F6E4ED /* Requestable.swift */,
				738C73212966E55000F6E4ED /* EndPoint.swift */,
			);
			path = API;
			sourceTree = "<group>";
		};
		738C73252966F90A00F6E4ED /* ViewModel */ = {
			isa = PBXGroup;
			children = (
				73D04CC12966D048009184D4 /* ListViewModel.swift */,
				738C733A296A7A5E00F6E4ED /* ListItemViewModel.swift */,
			);
			path = ViewModel;
			sourceTree = "<group>";
		};
		738C73282966FAF800F6E4ED /* Util */ = {
			isa = PBXGroup;
			children = (
				738C73292966FB1200F6E4ED /* Observable.swift */,
				736360E2296451CC00EBCC18 /* TabType.swift */,
				738C7332296802CB00F6E4ED /* BadgeType.swift */,
			);
			path = Util;
			sourceTree = "<group>";
		};
		738C732F2967D89200F6E4ED /* Extension */ = {
			isa = PBXGroup;
			children = (
				738C73302967D8D900F6E4ED /* UIColor+Extension.swift */,
			);
			path = Extension;
			sourceTree = "<group>";
		};
		738C7334296803B400F6E4ED /* UseCase */ = {
			isa = PBXGroup;
			children = (
				73D04CBB2966CBC0009184D4 /* FetchListUseCase.swift */,
				73D04CB92966C854009184D4 /* FetchImageUseCase.swift */,
			);
			path = UseCase;
			sourceTree = "<group>";
		};
		73D04C9E2965A7E4009184D4 /* Domain */ = {
			isa = PBXGroup;
			children = (
				738C7334296803B400F6E4ED /* UseCase */,
				73D04CB4296697FD009184D4 /* ListRepository.swift */,
				73D04CBD2966CC79009184D4 /* ImageRepository.swift */,
			);
			path = Domain;
			sourceTree = "<group>";
		};
		73D04C9F2965A7F1009184D4 /* Entities */ = {
			isa = PBXGroup;
			children = (
				73D04CA02965A830009184D4 /* List.swift */,
			);
			path = Entities;
			sourceTree = "<group>";
		};
		73D04CA22965A9B4009184D4 /* Data */ = {
			isa = PBXGroup;
			children = (
				73D04C9F2965A7F1009184D4 /* Entities */,
				73D04CAF296669DF009184D4 /* Repository */,
				73D04CA32965AB7F009184D4 /* Network */,
				73D04CB629669F64009184D4 /* Persistent */,
			);
			path = Data;
			sourceTree = "<group>";
		};
		73D04CA32965AB7F009184D4 /* Network */ = {
			isa = PBXGroup;
			children = (
				738C731F2966E55000F6E4ED /* API */,
				73D04CA82965B1F1009184D4 /* NetworkError.swift */,
				73D04CAD2965B3F8009184D4 /* NetworkService.swift */,
				73D04CAA2965B308009184D4 /* URLSessionProtocol.swift */,
			);
			path = Network;
			sourceTree = "<group>";
		};
		73D04CAF296669DF009184D4 /* Repository */ = {
			isa = PBXGroup;
			children = (
				73D04CB229666B03009184D4 /* ListRepositoryImpl.swift */,
				73D04CBF2966CCB1009184D4 /* ImageRepositoryImpl.swift */,
			);
			path = Repository;
			sourceTree = "<group>";
		};
		73D04CB629669F64009184D4 /* Persistent */ = {
			isa = PBXGroup;
			children = (
				73D04CB729669F85009184D4 /* ImageCacheStorage.swift */,
			);
			path = Persistent;
			sourceTree = "<group>";
		};
		AA92AB6D7447E532F591F29A /* Frameworks */ = {
			isa = PBXGroup;
			children = (
				5D0403D2BADA66A98033467E /* Pods_Tabling.framework */,
			);
			name = Frameworks;
			sourceTree = "<group>";
		};
		C54F809FB6DCF3BB17D77253 /* Pods */ = {
			isa = PBXGroup;
			children = (
				EB3BEE8210AD74232CC8B655 /* Pods-Tabling.debug.xcconfig */,
				62CD8E8EDAA8C84085C636DE /* Pods-Tabling.release.xcconfig */,
			);
			path = Pods;
			sourceTree = "<group>";
		};
/* End PBXGroup section */

/* Begin PBXNativeTarget section */
		736360AC2963D7CA00EBCC18 /* Tabling */ = {
			isa = PBXNativeTarget;
			buildConfigurationList = 736360C12963D7CC00EBCC18 /* Build configuration list for PBXNativeTarget "Tabling" */;
			buildPhases = (
				8E3879C8EE9F9423755CFADD /* [CP] Check Pods Manifest.lock */,
				736360DB2963E71400EBCC18 /* Run SwiftLint */,
				736360A92963D7CA00EBCC18 /* Sources */,
				736360AA2963D7CA00EBCC18 /* Frameworks */,
				736360AB2963D7CA00EBCC18 /* Resources */,
			);
			buildRules = (
			);
			dependencies = (
			);
			name = Tabling;
			productName = Tabling;
			productReference = 736360AD2963D7CA00EBCC18 /* Tabling.app */;
			productType = "com.apple.product-type.application";
		};
/* End PBXNativeTarget section */

/* Begin PBXProject section */
		736360A52963D7CA00EBCC18 /* Project object */ = {
			isa = PBXProject;
			attributes = {
				BuildIndependentTargetsInParallel = 1;
				LastSwiftUpdateCheck = 1410;
				LastUpgradeCheck = 1410;
				TargetAttributes = {
					736360AC2963D7CA00EBCC18 = {
						CreatedOnToolsVersion = 14.1;
					};
				};
			};
			buildConfigurationList = 736360A82963D7CA00EBCC18 /* Build configuration list for PBXProject "Tabling" */;
			compatibilityVersion = "Xcode 14.0";
			developmentRegion = en;
			hasScannedForEncodings = 0;
			knownRegions = (
				en,
				Base,
			);
			mainGroup = 736360A42963D7CA00EBCC18;
			productRefGroup = 736360AE2963D7CA00EBCC18 /* Products */;
			projectDirPath = "";
			projectRoot = "";
			targets = (
				736360AC2963D7CA00EBCC18 /* Tabling */,
			);
		};
/* End PBXProject section */

/* Begin PBXResourcesBuildPhase section */
		736360AB2963D7CA00EBCC18 /* Resources */ = {
			isa = PBXResourcesBuildPhase;
			buildActionMask = 2147483647;
			files = (
				736360DA2963E69B00EBCC18 /* .swiftlint.yml in Resources */,
				736360D32963E02B00EBCC18 /* Roboto-Medium.ttf in Resources */,
				736360E129641F1F00EBCC18 /* SaveView.storyboard in Resources */,
				736360DF29641DCF00EBCC18 /* TabCollectionViewCell.xib in Resources */,
				736360D22963E02B00EBCC18 /* Roboto-Bold.ttf in Resources */,
				736360CD2963DFFF00EBCC18 /* NotoSansKR-Medium.otf in Resources */,
				736360BD2963D7CC00EBCC18 /* LaunchScreen.storyboard in Resources */,
				736360BA2963D7CC00EBCC18 /* Assets.xcassets in Resources */,
				736360CB2963DFFF00EBCC18 /* NotoSansKR-Regular.otf in Resources */,
				736360EE296458BB00EBCC18 /* SaveCollectionViewCell.xib in Resources */,
				736360D42963E02B00EBCC18 /* Roboto-Regular.ttf in Resources */,
				736360CC2963DFFF00EBCC18 /* NotoSansKR-Bold.otf in Resources */,
			);
			runOnlyForDeploymentPostprocessing = 0;
		};
/* End PBXResourcesBuildPhase section */

/* Begin PBXShellScriptBuildPhase section */
		736360DB2963E71400EBCC18 /* Run SwiftLint */ = {
			isa = PBXShellScriptBuildPhase;
			alwaysOutOfDate = 1;
			buildActionMask = 12;
			files = (
			);
			inputFileListPaths = (
			);
			inputPaths = (
			);
			name = "Run SwiftLint";
			outputFileListPaths = (
			);
			outputPaths = (
			);
			runOnlyForDeploymentPostprocessing = 0;
			shellPath = /bin/sh;
			shellScript = "\"${PODS_ROOT}/SwiftLint/swiftlint\"\n";
		};
		8E3879C8EE9F9423755CFADD /* [CP] Check Pods Manifest.lock */ = {
			isa = PBXShellScriptBuildPhase;
			buildActionMask = 2147483647;
			files = (
			);
			inputFileListPaths = (
			);
			inputPaths = (
				"${PODS_PODFILE_DIR_PATH}/Podfile.lock",
				"${PODS_ROOT}/Manifest.lock",
			);
			name = "[CP] Check Pods Manifest.lock";
			outputFileListPaths = (
			);
			outputPaths = (
				"$(DERIVED_FILE_DIR)/Pods-Tabling-checkManifestLockResult.txt",
			);
			runOnlyForDeploymentPostprocessing = 0;
			shellPath = /bin/sh;
			shellScript = "diff \"${PODS_PODFILE_DIR_PATH}/Podfile.lock\" \"${PODS_ROOT}/Manifest.lock\" > /dev/null\nif [ $? != 0 ] ; then\n    # print error to STDERR\n    echo \"error: The sandbox is not in sync with the Podfile.lock. Run 'pod install' or update your CocoaPods installation.\" >&2\n    exit 1\nfi\n# This output is used by Xcode 'outputs' to avoid re-running this script phase.\necho \"SUCCESS\" > \"${SCRIPT_OUTPUT_FILE_0}\"\n";
			showEnvVarsInLog = 0;
		};
/* End PBXShellScriptBuildPhase section */

/* Begin PBXSourcesBuildPhase section */
		736360A92963D7CA00EBCC18 /* Sources */ = {
			isa = PBXSourcesBuildPhase;
			buildActionMask = 2147483647;
			files = (
				73D04CBC2966CBC0009184D4 /* FetchListUseCase.swift in Sources */,
				73D04CAB2965B308009184D4 /* URLSessionProtocol.swift in Sources */,
				736360F229645C6F00EBCC18 /* ContentsCollectionViewDataSource.swift in Sources */,
				738C73312967D8D900F6E4ED /* UIColor+Extension.swift in Sources */,
				738C732A2966FB1200F6E4ED /* Observable.swift in Sources */,
				73D04CC02966CCB1009184D4 /* ImageRepositoryImpl.swift in Sources */,
				738C73392968054100F6E4ED /* DIContainer.swift in Sources */,
				736360DE29641DCF00EBCC18 /* TabCollectionViewCell.swift in Sources */,
				736360D62963E0BD00EBCC18 /* Font.swift in Sources */,
				73D04CB329666B03009184D4 /* ListRepositoryImpl.swift in Sources */,
				738C7333296802CB00F6E4ED /* BadgeType.swift in Sources */,
				73D04CA12965A830009184D4 /* List.swift in Sources */,
				738C733B296A7A5E00F6E4ED /* ListItemViewModel.swift in Sources */,
				736360B52963D7CA00EBCC18 /* SaveViewController.swift in Sources */,
				738C732E2967C88500F6E4ED /* PaddingLabel.swift in Sources */,
				738C73222966E55000F6E4ED /* Requestable.swift in Sources */,
				73D04CAE2965B3F8009184D4 /* NetworkService.swift in Sources */,
				736360ED296458BB00EBCC18 /* SaveCollectionViewCell.swift in Sources */,
				738C73232966E55000F6E4ED /* EndPoint.swift in Sources */,
				73D04CC22966D048009184D4 /* ListViewModel.swift in Sources */,
				736360B12963D7CA00EBCC18 /* AppDelegate.swift in Sources */,
				736360F029645B2C00EBCC18 /* TabCollectionViewDataSource.swift in Sources */,
				73D04CBE2966CC79009184D4 /* ImageRepository.swift in Sources */,
				73D04CB5296697FD009184D4 /* ListRepository.swift in Sources */,
				73D04CB829669F85009184D4 /* ImageCacheStorage.swift in Sources */,
				736360B32963D7CA00EBCC18 /* SceneDelegate.swift in Sources */,
				73D04CA92965B1F1009184D4 /* NetworkError.swift in Sources */,
				736360E3296451CC00EBCC18 /* TabType.swift in Sources */,
				73D04CBA2966C854009184D4 /* FetchImageUseCase.swift in Sources */,
			);
			runOnlyForDeploymentPostprocessing = 0;
		};
/* End PBXSourcesBuildPhase section */

/* Begin PBXVariantGroup section */
		736360BB2963D7CC00EBCC18 /* LaunchScreen.storyboard */ = {
			isa = PBXVariantGroup;
			children = (
				736360BC2963D7CC00EBCC18 /* Base */,
			);
			name = LaunchScreen.storyboard;
			sourceTree = "<group>";
		};
/* End PBXVariantGroup section */

/* Begin XCBuildConfiguration section */
		736360BF2963D7CC00EBCC18 /* Debug */ = {
			isa = XCBuildConfiguration;
			buildSettings = {
				ALWAYS_SEARCH_USER_PATHS = NO;
				CLANG_ANALYZER_NONNULL = YES;
				CLANG_ANALYZER_NUMBER_OBJECT_CONVERSION = YES_AGGRESSIVE;
				CLANG_CXX_LANGUAGE_STANDARD = "gnu++20";
				CLANG_ENABLE_MODULES = YES;
				CLANG_ENABLE_OBJC_ARC = YES;
				CLANG_ENABLE_OBJC_WEAK = YES;
				CLANG_WARN_BLOCK_CAPTURE_AUTORELEASING = YES;
				CLANG_WARN_BOOL_CONVERSION = YES;
				CLANG_WARN_COMMA = YES;
				CLANG_WARN_CONSTANT_CONVERSION = YES;
				CLANG_WARN_DEPRECATED_OBJC_IMPLEMENTATIONS = YES;
				CLANG_WARN_DIRECT_OBJC_ISA_USAGE = YES_ERROR;
				CLANG_WARN_DOCUMENTATION_COMMENTS = YES;
				CLANG_WARN_EMPTY_BODY = YES;
				CLANG_WARN_ENUM_CONVERSION = YES;
				CLANG_WARN_INFINITE_RECURSION = YES;
				CLANG_WARN_INT_CONVERSION = YES;
				CLANG_WARN_NON_LITERAL_NULL_CONVERSION = YES;
				CLANG_WARN_OBJC_IMPLICIT_RETAIN_SELF = YES;
				CLANG_WARN_OBJC_LITERAL_CONVERSION = YES;
				CLANG_WARN_OBJC_ROOT_CLASS = YES_ERROR;
				CLANG_WARN_QUOTED_INCLUDE_IN_FRAMEWORK_HEADER = YES;
				CLANG_WARN_RANGE_LOOP_ANALYSIS = YES;
				CLANG_WARN_STRICT_PROTOTYPES = YES;
				CLANG_WARN_SUSPICIOUS_MOVE = YES;
				CLANG_WARN_UNGUARDED_AVAILABILITY = YES_AGGRESSIVE;
				CLANG_WARN_UNREACHABLE_CODE = YES;
				CLANG_WARN__DUPLICATE_METHOD_MATCH = YES;
				COPY_PHASE_STRIP = NO;
				DEBUG_INFORMATION_FORMAT = dwarf;
				ENABLE_STRICT_OBJC_MSGSEND = YES;
				ENABLE_TESTABILITY = YES;
				GCC_C_LANGUAGE_STANDARD = gnu11;
				GCC_DYNAMIC_NO_PIC = NO;
				GCC_NO_COMMON_BLOCKS = YES;
				GCC_OPTIMIZATION_LEVEL = 0;
				GCC_PREPROCESSOR_DEFINITIONS = (
					"DEBUG=1",
					"$(inherited)",
				);
				GCC_WARN_64_TO_32_BIT_CONVERSION = YES;
				GCC_WARN_ABOUT_RETURN_TYPE = YES_ERROR;
				GCC_WARN_UNDECLARED_SELECTOR = YES;
				GCC_WARN_UNINITIALIZED_AUTOS = YES_AGGRESSIVE;
				GCC_WARN_UNUSED_FUNCTION = YES;
				GCC_WARN_UNUSED_VARIABLE = YES;
				IPHONEOS_DEPLOYMENT_TARGET = 16.1;
				MTL_ENABLE_DEBUG_INFO = INCLUDE_SOURCE;
				MTL_FAST_MATH = YES;
				ONLY_ACTIVE_ARCH = YES;
				SDKROOT = iphoneos;
				SWIFT_ACTIVE_COMPILATION_CONDITIONS = DEBUG;
				SWIFT_OPTIMIZATION_LEVEL = "-Onone";
			};
			name = Debug;
		};
		736360C02963D7CC00EBCC18 /* Release */ = {
			isa = XCBuildConfiguration;
			buildSettings = {
				ALWAYS_SEARCH_USER_PATHS = NO;
				CLANG_ANALYZER_NONNULL = YES;
				CLANG_ANALYZER_NUMBER_OBJECT_CONVERSION = YES_AGGRESSIVE;
				CLANG_CXX_LANGUAGE_STANDARD = "gnu++20";
				CLANG_ENABLE_MODULES = YES;
				CLANG_ENABLE_OBJC_ARC = YES;
				CLANG_ENABLE_OBJC_WEAK = YES;
				CLANG_WARN_BLOCK_CAPTURE_AUTORELEASING = YES;
				CLANG_WARN_BOOL_CONVERSION = YES;
				CLANG_WARN_COMMA = YES;
				CLANG_WARN_CONSTANT_CONVERSION = YES;
				CLANG_WARN_DEPRECATED_OBJC_IMPLEMENTATIONS = YES;
				CLANG_WARN_DIRECT_OBJC_ISA_USAGE = YES_ERROR;
				CLANG_WARN_DOCUMENTATION_COMMENTS = YES;
				CLANG_WARN_EMPTY_BODY = YES;
				CLANG_WARN_ENUM_CONVERSION = YES;
				CLANG_WARN_INFINITE_RECURSION = YES;
				CLANG_WARN_INT_CONVERSION = YES;
				CLANG_WARN_NON_LITERAL_NULL_CONVERSION = YES;
				CLANG_WARN_OBJC_IMPLICIT_RETAIN_SELF = YES;
				CLANG_WARN_OBJC_LITERAL_CONVERSION = YES;
				CLANG_WARN_OBJC_ROOT_CLASS = YES_ERROR;
				CLANG_WARN_QUOTED_INCLUDE_IN_FRAMEWORK_HEADER = YES;
				CLANG_WARN_RANGE_LOOP_ANALYSIS = YES;
				CLANG_WARN_STRICT_PROTOTYPES = YES;
				CLANG_WARN_SUSPICIOUS_MOVE = YES;
				CLANG_WARN_UNGUARDED_AVAILABILITY = YES_AGGRESSIVE;
				CLANG_WARN_UNREACHABLE_CODE = YES;
				CLANG_WARN__DUPLICATE_METHOD_MATCH = YES;
				COPY_PHASE_STRIP = NO;
				DEBUG_INFORMATION_FORMAT = "dwarf-with-dsym";
				ENABLE_NS_ASSERTIONS = NO;
				ENABLE_STRICT_OBJC_MSGSEND = YES;
				GCC_C_LANGUAGE_STANDARD = gnu11;
				GCC_NO_COMMON_BLOCKS = YES;
				GCC_WARN_64_TO_32_BIT_CONVERSION = YES;
				GCC_WARN_ABOUT_RETURN_TYPE = YES_ERROR;
				GCC_WARN_UNDECLARED_SELECTOR = YES;
				GCC_WARN_UNINITIALIZED_AUTOS = YES_AGGRESSIVE;
				GCC_WARN_UNUSED_FUNCTION = YES;
				GCC_WARN_UNUSED_VARIABLE = YES;
				IPHONEOS_DEPLOYMENT_TARGET = 16.1;
				MTL_ENABLE_DEBUG_INFO = NO;
				MTL_FAST_MATH = YES;
				SDKROOT = iphoneos;
				SWIFT_COMPILATION_MODE = wholemodule;
				SWIFT_OPTIMIZATION_LEVEL = "-O";
				VALIDATE_PRODUCT = YES;
			};
			name = Release;
		};
		736360C22963D7CC00EBCC18 /* Debug */ = {
			isa = XCBuildConfiguration;
			baseConfigurationReference = EB3BEE8210AD74232CC8B655 /* Pods-Tabling.debug.xcconfig */;
			buildSettings = {
				ASSETCATALOG_COMPILER_APPICON_NAME = AppIcon;
				ASSETCATALOG_COMPILER_GLOBAL_ACCENT_COLOR_NAME = AccentColor;
				CODE_SIGN_STYLE = Automatic;
				CURRENT_PROJECT_VERSION = 1;
				DEVELOPMENT_TEAM = 6Y9V523M6R;
				GENERATE_INFOPLIST_FILE = YES;
				INFOPLIST_FILE = Tabling/Resources/Info.plist;
				INFOPLIST_KEY_UIApplicationSupportsIndirectInputEvents = YES;
				INFOPLIST_KEY_UILaunchStoryboardName = LaunchScreen;
				INFOPLIST_KEY_UIMainStoryboardFile = SaveView;
				INFOPLIST_KEY_UISupportedInterfaceOrientations_iPad = "UIInterfaceOrientationPortrait UIInterfaceOrientationPortraitUpsideDown UIInterfaceOrientationLandscapeLeft UIInterfaceOrientationLandscapeRight";
				INFOPLIST_KEY_UISupportedInterfaceOrientations_iPhone = "UIInterfaceOrientationPortrait UIInterfaceOrientationLandscapeLeft UIInterfaceOrientationLandscapeRight";
				IPHONEOS_DEPLOYMENT_TARGET = 14.0;
				LD_RUNPATH_SEARCH_PATHS = (
					"$(inherited)",
					"@executable_path/Frameworks",
				);
				MARKETING_VERSION = 1.0;
				PRODUCT_BUNDLE_IDENTIFIER = com.jeee.Tabling;
				PRODUCT_NAME = "$(TARGET_NAME)";
				SWIFT_EMIT_LOC_STRINGS = YES;
				SWIFT_VERSION = 5.0;
				TARGETED_DEVICE_FAMILY = "1,2";
			};
			name = Debug;
		};
		736360C32963D7CC00EBCC18 /* Release */ = {
			isa = XCBuildConfiguration;
			baseConfigurationReference = 62CD8E8EDAA8C84085C636DE /* Pods-Tabling.release.xcconfig */;
			buildSettings = {
				ASSETCATALOG_COMPILER_APPICON_NAME = AppIcon;
				ASSETCATALOG_COMPILER_GLOBAL_ACCENT_COLOR_NAME = AccentColor;
				CODE_SIGN_STYLE = Automatic;
				CURRENT_PROJECT_VERSION = 1;
				DEVELOPMENT_TEAM = 6Y9V523M6R;
				GENERATE_INFOPLIST_FILE = YES;
				INFOPLIST_FILE = Tabling/Resources/Info.plist;
				INFOPLIST_KEY_UIApplicationSupportsIndirectInputEvents = YES;
				INFOPLIST_KEY_UILaunchStoryboardName = LaunchScreen;
				INFOPLIST_KEY_UIMainStoryboardFile = SaveView;
				INFOPLIST_KEY_UISupportedInterfaceOrientations_iPad = "UIInterfaceOrientationPortrait UIInterfaceOrientationPortraitUpsideDown UIInterfaceOrientationLandscapeLeft UIInterfaceOrientationLandscapeRight";
				INFOPLIST_KEY_UISupportedInterfaceOrientations_iPhone = "UIInterfaceOrientationPortrait UIInterfaceOrientationLandscapeLeft UIInterfaceOrientationLandscapeRight";
				IPHONEOS_DEPLOYMENT_TARGET = 14.0;
				LD_RUNPATH_SEARCH_PATHS = (
					"$(inherited)",
					"@executable_path/Frameworks",
				);
				MARKETING_VERSION = 1.0;
				PRODUCT_BUNDLE_IDENTIFIER = com.jeee.Tabling;
				PRODUCT_NAME = "$(TARGET_NAME)";
				SWIFT_EMIT_LOC_STRINGS = YES;
				SWIFT_VERSION = 5.0;
				TARGETED_DEVICE_FAMILY = "1,2";
			};
			name = Release;
		};
/* End XCBuildConfiguration section */

/* Begin XCConfigurationList section */
		736360A82963D7CA00EBCC18 /* Build configuration list for PBXProject "Tabling" */ = {
			isa = XCConfigurationList;
			buildConfigurations = (
				736360BF2963D7CC00EBCC18 /* Debug */,
				736360C02963D7CC00EBCC18 /* Release */,
			);
			defaultConfigurationIsVisible = 0;
			defaultConfigurationName = Release;
		};
		736360C12963D7CC00EBCC18 /* Build configuration list for PBXNativeTarget "Tabling" */ = {
			isa = XCConfigurationList;
			buildConfigurations = (
				736360C22963D7CC00EBCC18 /* Debug */,
				736360C32963D7CC00EBCC18 /* Release */,
			);
			defaultConfigurationIsVisible = 0;
			defaultConfigurationName = Release;
		};
/* End XCConfigurationList section */
	};
	rootObject = 736360A52963D7CA00EBCC18 /* Project object */;
}
